
Microsoft Visual Studio Solution File, Format Version 12.00
# Visual Studio 15
VisualStudioVersion = 15.0.27703.2026
MinimumVisualStudioVersion = 10.0.40219.1
Project("{9A19103F-16F7-4668-BE54-9A1E7A4F7556}") = "CAM.ThinClient", "CAM.ThinClient\CAM.ThinClient.csproj", "{983E1BEE-E69F-42F8-8823-31C4D33C65C0}"
Project("{9A19103F-16F7-4668-BE54-9A1E7A4F7556}") = "CAM.WebUI", "CAM.WebUI\CAM.WebUI.csproj", "{B9CFAA5C-8D73-48DD-8AA9-FAA9E5B7EE09}"
EndProject
Project("{9A19103F-16F7-4668-BE54-9A1E7A4F7556}") = "CAM.Service", "CAM.Service\CAM.Service.csproj", "{B9CFAA5C-8D73-48DD-8AA9-FAA9E5B7EE09}"
Project("{9A19103F-16F7-4668-BE54-9A1E7A4F7556}") = "CAM.Entities", "CAM.Entities\CAM.Entities.csproj", "{4D839282-D453-4674-8A50-4C75A75D2191}"
EndProject
Project("{9A19103F-16F7-4668-BE54-9A1E7A4F7556}") = "CAM.Entities", "CAM.Entities\CAM.Entities.csproj", "{4D839282-D453-4674-8A50-4C75A75D2191}"
EndProject
Project("{00D1A9C2-B5F0-4AF3-8072-F6C62B433612}") = "CAM.Database", "CAM.Database\CAM.Database.sqlproj", "{C0D6F6A6-163B-464B-BA18-AD53B27497EF}"
EndProject
Project("{FAE04EC0-301F-11D3-BF4B-00C04F79EFBC}") = "CAM.ThinClient", "CAM.ThinClientfull\CAM.ThinClient.csproj", "{62F12585-8C88-4726-BF56-8588EF973B11}"
EndProject
Project("{FAE04EC0-301F-11D3-BF4B-00C04F79EFBC}") = "CAM.LINQ.BL", "CAM.LINQ.BL\CAM.LINQ.BL.csproj", "{4CCC6170-1E25-4FC8-8261-3AC8FCE11CD3}"
EndProject
Project("{2150E333-8FDC-42A3-9474-1A3956D46DE8}") = "Tests", "Tests", "{B38315F3-740F-4F61-B130-E35B6E1D36D1}"
EndProject
Project("{FAE04EC0-301F-11D3-BF4B-00C04F79EFBC}") = "CAM.LINQ.BL.Tests", "CAM.LINQ.BL.Tests\CAM.LINQ.BL.Tests.csproj", "{FC648E41-2EAF-4B34-BC47-DE31D4928241}"
EndProject
Project("{FAE04EC0-301F-11D3-BF4B-00C04F79EFBC}") = "CAM.LINQ.Library", "CAM.LINQ.Library\CAM.LINQ.Library.csproj", "{0087A0D9-05B9-448C-8AE7-F0F3F0D0D90A}"
EndProject
Project("{FAE04EC0-301F-11D3-BF4B-00C04F79EFBC}") = "CAM.LINQ.Library.Test", "CAM.LINQ.Library.Test\CAM.LINQ.Library.Test.csproj", "{180A9E5F-E72B-405C-95CB-58EBDCCA2AE9}"
EndProject
Project("{FAE04EC0-301F-11D3-BF4B-00C04F79EFBC}") = "AgentHari", "AgentHari\AgentHari.csproj", "{3066B6AB-0925-481A-AE8D-38E060EED4D9}"
EndProject
Project("{888888A0-9F3D-457C-B088-3A5042F75D52}") = "CAM.PAgent", "CAM.PAgent\CAM.PAgent.pyproj", "{7B31309C-CF9C-44BE-8737-B59A31292009}"
EndProject
Global
	GlobalSection(SolutionConfigurationPlatforms) = preSolution
		Debug|Any CPU = Debug|Any CPU
		Release|Any CPU = Release|Any CPU
	EndGlobalSection
	GlobalSection(ProjectConfigurationPlatforms) = postSolution
		{B9CFAA5C-8D73-48DD-8AA9-FAA9E5B7EE09}.Debug|Any CPU.ActiveCfg = Debug|Any CPU
		{B9CFAA5C-8D73-48DD-8AA9-FAA9E5B7EE09}.Debug|Any CPU.Build.0 = Debug|Any CPU
		{B9CFAA5C-8D73-48DD-8AA9-FAA9E5B7EE09}.Release|Any CPU.ActiveCfg = Release|Any CPU
		{B9CFAA5C-8D73-48DD-8AA9-FAA9E5B7EE09}.Release|Any CPU.Build.0 = Release|Any CPU
		{4D839282-D453-4674-8A50-4C75A75D2191}.Debug|Any CPU.ActiveCfg = Debug|Any CPU
		{4D839282-D453-4674-8A50-4C75A75D2191}.Debug|Any CPU.Build.0 = Debug|Any CPU
		{4D839282-D453-4674-8A50-4C75A75D2191}.Release|Any CPU.ActiveCfg = Release|Any CPU
		{4D839282-D453-4674-8A50-4C75A75D2191}.Release|Any CPU.Build.0 = Release|Any CPU
		{C0D6F6A6-163B-464B-BA18-AD53B27497EF}.Debug|Any CPU.ActiveCfg = Debug|Any CPU
		{C0D6F6A6-163B-464B-BA18-AD53B27497EF}.Debug|Any CPU.Build.0 = Debug|Any CPU
		{C0D6F6A6-163B-464B-BA18-AD53B27497EF}.Debug|Any CPU.Deploy.0 = Debug|Any CPU
		{C0D6F6A6-163B-464B-BA18-AD53B27497EF}.Release|Any CPU.ActiveCfg = Release|Any CPU
		{C0D6F6A6-163B-464B-BA18-AD53B27497EF}.Release|Any CPU.Build.0 = Release|Any CPU
		{C0D6F6A6-163B-464B-BA18-AD53B27497EF}.Release|Any CPU.Deploy.0 = Release|Any CPU
		{62F12585-8C88-4726-BF56-8588EF973B11}.Debug|Any CPU.ActiveCfg = Debug|Any CPU
		{62F12585-8C88-4726-BF56-8588EF973B11}.Debug|Any CPU.Build.0 = Debug|Any CPU
		{62F12585-8C88-4726-BF56-8588EF973B11}.Release|Any CPU.ActiveCfg = Release|Any CPU
		{62F12585-8C88-4726-BF56-8588EF973B11}.Release|Any CPU.Build.0 = Release|Any CPU
		{4CCC6170-1E25-4FC8-8261-3AC8FCE11CD3}.Debug|Any CPU.ActiveCfg = Debug|Any CPU
		{4CCC6170-1E25-4FC8-8261-3AC8FCE11CD3}.Debug|Any CPU.Build.0 = Debug|Any CPU
		{4CCC6170-1E25-4FC8-8261-3AC8FCE11CD3}.Release|Any CPU.ActiveCfg = Release|Any CPU
		{4CCC6170-1E25-4FC8-8261-3AC8FCE11CD3}.Release|Any CPU.Build.0 = Release|Any CPU
		{FC648E41-2EAF-4B34-BC47-DE31D4928241}.Debug|Any CPU.ActiveCfg = Debug|Any CPU
		{FC648E41-2EAF-4B34-BC47-DE31D4928241}.Debug|Any CPU.Build.0 = Debug|Any CPU
		{FC648E41-2EAF-4B34-BC47-DE31D4928241}.Release|Any CPU.ActiveCfg = Release|Any CPU
		{FC648E41-2EAF-4B34-BC47-DE31D4928241}.Release|Any CPU.Build.0 = Release|Any CPU
		{0087A0D9-05B9-448C-8AE7-F0F3F0D0D90A}.Debug|Any CPU.ActiveCfg = Debug|Any CPU
		{0087A0D9-05B9-448C-8AE7-F0F3F0D0D90A}.Debug|Any CPU.Build.0 = Debug|Any CPU
		{0087A0D9-05B9-448C-8AE7-F0F3F0D0D90A}.Release|Any CPU.ActiveCfg = Release|Any CPU
		{0087A0D9-05B9-448C-8AE7-F0F3F0D0D90A}.Release|Any CPU.Build.0 = Release|Any CPU
		{180A9E5F-E72B-405C-95CB-58EBDCCA2AE9}.Debug|Any CPU.ActiveCfg = Debug|Any CPU
		{180A9E5F-E72B-405C-95CB-58EBDCCA2AE9}.Debug|Any CPU.Build.0 = Debug|Any CPU
		{180A9E5F-E72B-405C-95CB-58EBDCCA2AE9}.Release|Any CPU.ActiveCfg = Release|Any CPU
		{180A9E5F-E72B-405C-95CB-58EBDCCA2AE9}.Release|Any CPU.Build.0 = Release|Any CPU
		{3066B6AB-0925-481A-AE8D-38E060EED4D9}.Debug|Any CPU.ActiveCfg = Debug|Any CPU
		{3066B6AB-0925-481A-AE8D-38E060EED4D9}.Debug|Any CPU.Build.0 = Debug|Any CPU
		{3066B6AB-0925-481A-AE8D-38E060EED4D9}.Release|Any CPU.ActiveCfg = Release|Any CPU
		{3066B6AB-0925-481A-AE8D-38E060EED4D9}.Release|Any CPU.Build.0 = Release|Any CPU
		{7B31309C-CF9C-44BE-8737-B59A31292009}.Debug|Any CPU.ActiveCfg = Debug|Any CPU
		{7B31309C-CF9C-44BE-8737-B59A31292009}.Release|Any CPU.ActiveCfg = Release|Any CPU
	EndGlobalSection
	GlobalSection(SolutionProperties) = preSolution
		HideSolutionNode = FALSE
	EndGlobalSection
	GlobalSection(NestedProjects) = preSolution
		{FC648E41-2EAF-4B34-BC47-DE31D4928241} = {B38315F3-740F-4F61-B130-E35B6E1D36D1}
		{180A9E5F-E72B-405C-95CB-58EBDCCA2AE9} = {B38315F3-740F-4F61-B130-E35B6E1D36D1}
	EndGlobalSection
	GlobalSection(ExtensibilityGlobals) = postSolution
		SolutionGuid = {52866971-F560-4FC6-9819-60D7072B10A3}
	EndGlobalSection
EndGlobal
